
Microsoft Visual Studio Solution File, Format Version 12.00
# Visual Studio Version 17
VisualStudioVersion = 17.10.35201.131
MinimumVisualStudioVersion = 10.0.40219.1
Project("{FAE04EC0-301F-11D3-BF4B-00C04F79EFBC}") = "Fitness_Journal", "Fitness_Journal\Fitness_Journal.csproj", "{1027C017-2A19-4648-B720-828309D851B0}"
EndProject
Global
	GlobalSection(SolutionConfigurationPlatforms) = preSolution
		Debug|Any CPU = Debug|Any CPU
		Release|Any CPU = Release|Any CPU
	EndGlobalSection
	GlobalSection(ProjectConfigurationPlatforms) = postSolution
		{1027C017-2A19-4648-B720-828309D851B0}.Debug|Any CPU.ActiveCfg = Debug|Any CPU
		{1027C017-2A19-4648-B720-828309D851B0}.Debug|Any CPU.Build.0 = Debug|Any CPU
		{1027C017-2A19-4648-B720-828309D851B0}.Release|Any CPU.ActiveCfg = Release|Any CPU
		{1027C017-2A19-4648-B720-828309D851B0}.Release|Any CPU.Build.0 = Release|Any CPU
	EndGlobalSection
	GlobalSection(SolutionProperties) = preSolution
		HideSolutionNode = FALSE
	EndGlobalSection
	GlobalSection(ExtensibilityGlobals) = postSolution
		SolutionGuid = {93E64F72-5DB2-424A-9480-FC3AF91128E8}
	EndGlobalSection
EndGlobal
